
Microsoft Visual Studio Solution File, Format Version 12.00
Project("{FAE04EC0-301F-11D3-BF4B-00C04F79EFBC}") = "MyPhotoshop", "MyPhotoshop\MyPhotoshop.csproj", "{9CAB844A-36BF-4ACD-98BA-C32509D94952}"
EndProject
Global
	GlobalSection(SolutionConfigurationPlatforms) = preSolution
		Debug|Any CPU = Debug|Any CPU
		Release|Any CPU = Release|Any CPU
	EndGlobalSection
	GlobalSection(ProjectConfigurationPlatforms) = postSolution
		{9CAB844A-36BF-4ACD-98BA-C32509D94952}.Debug|Any CPU.ActiveCfg = Debug|Any CPU
		{9CAB844A-36BF-4ACD-98BA-C32509D94952}.Debug|Any CPU.Build.0 = Debug|Any CPU
		{9CAB844A-36BF-4ACD-98BA-C32509D94952}.Release|Any CPU.ActiveCfg = Release|Any CPU
		{9CAB844A-36BF-4ACD-98BA-C32509D94952}.Release|Any CPU.Build.0 = Release|Any CPU
	EndGlobalSection
EndGlobal
